// !$*UTF8*$!
{
	archiveVersion = 1;
	classes = {
	};
	objectVersion = 50;
	objects = {

/* Begin PBXBuildFile section */
		2CD3A10A253A38C000AB08A4 /* Shopping_listApp.swift in Sources */ = {isa = PBXBuildFile; fileRef = 2CD3A109253A38C000AB08A4 /* Shopping_listApp.swift */; };
		2CD3A10C253A38C000AB08A4 /* ContentView.swift in Sources */ = {isa = PBXBuildFile; fileRef = 2CD3A10B253A38C000AB08A4 /* ContentView.swift */; };
		2CD3A10E253A38C300AB08A4 /* Assets.xcassets in Resources */ = {isa = PBXBuildFile; fileRef = 2CD3A10D253A38C300AB08A4 /* Assets.xcassets */; };
		2CD3A111253A38C300AB08A4 /* Preview Assets.xcassets in Resources */ = {isa = PBXBuildFile; fileRef = 2CD3A110253A38C300AB08A4 /* Preview Assets.xcassets */; };
		2CD3A113253A38C300AB08A4 /* Persistence.swift in Sources */ = {isa = PBXBuildFile; fileRef = 2CD3A112253A38C300AB08A4 /* Persistence.swift */; };
		2CD3A116253A38C300AB08A4 /* Shopping_list.xcdatamodeld in Sources */ = {isa = PBXBuildFile; fileRef = 2CD3A114253A38C300AB08A4 /* Shopping_list.xcdatamodeld */; };
/* End PBXBuildFile section */

/* Begin PBXFileReference section */
		2CD3A106253A38C000AB08A4 /* Shopping list.app */ = {isa = PBXFileReference; explicitFileType = wrapper.application; includeInIndex = 0; path = "Shopping list.app"; sourceTree = BUILT_PRODUCTS_DIR; };
		2CD3A109253A38C000AB08A4 /* Shopping_listApp.swift */ = {isa = PBXFileReference; lastKnownFileType = sourcecode.swift; path = Shopping_listApp.swift; sourceTree = "<group>"; };
		2CD3A10B253A38C000AB08A4 /* ContentView.swift */ = {isa = PBXFileReference; lastKnownFileType = sourcecode.swift; path = ContentView.swift; sourceTree = "<group>"; };
		2CD3A10D253A38C300AB08A4 /* Assets.xcassets */ = {isa = PBXFileReference; lastKnownFileType = folder.assetcatalog; path = Assets.xcassets; sourceTree = "<group>"; };
		2CD3A110253A38C300AB08A4 /* Preview Assets.xcassets */ = {isa = PBXFileReference; lastKnownFileType = folder.assetcatalog; path = "Preview Assets.xcassets"; sourceTree = "<group>"; };
		2CD3A112253A38C300AB08A4 /* Persistence.swift */ = {isa = PBXFileReference; lastKnownFileType = sourcecode.swift; path = Persistence.swift; sourceTree = "<group>"; };
		2CD3A115253A38C300AB08A4 /* Shopping_list.xcdatamodel */ = {isa = PBXFileReference; lastKnownFileType = wrapper.xcdatamodel; path = Shopping_list.xcdatamodel; sourceTree = "<group>"; };
		2CD3A117253A38C300AB08A4 /* Info.plist */ = {isa = PBXFileReference; lastKnownFileType = text.plist.xml; path = Info.plist; sourceTree = "<group>"; };
/* End PBXFileReference section */

/* Begin PBXFrameworksBuildPhase section */
		2CD3A103253A38C000AB08A4 /* Frameworks */ = {
			isa = PBXFrameworksBuildPhase;
			buildActionMask = 2147483647;
			files = (
			);
			runOnlyForDeploymentPostprocessing = 0;
		};
/* End PBXFrameworksBuildPhase section */

/* Begin PBXGroup section */
		2CD3A0FD253A38C000AB08A4 = {
			isa = PBXGroup;
			children = (
				2CD3A108253A38C000AB08A4 /* Shopping list */,
				2CD3A107253A38C000AB08A4 /* Products */,
			);
			sourceTree = "<group>";
		};
		2CD3A107253A38C000AB08A4 /* Products */ = {
			isa = PBXGroup;
			children = (
				2CD3A106253A38C000AB08A4 /* Shopping list.app */,
			);
			name = Products;
			sourceTree = "<group>";
		};
		2CD3A108253A38C000AB08A4 /* Shopping list */ = {
			isa = PBXGroup;
			children = (
				2CD3A109253A38C000AB08A4 /* Shopping_listApp.swift */,
				2CD3A10B253A38C000AB08A4 /* ContentView.swift */,
				2CD3A10D253A38C300AB08A4 /* Assets.xcassets */,
				2CD3A112253A38C300AB08A4 /* Persistence.swift */,
				2CD3A117253A38C300AB08A4 /* Info.plist */,
				2CD3A114253A38C300AB08A4 /* Shopping_list.xcdatamodeld */,
				2CD3A10F253A38C300AB08A4 /* Preview Content */,
			);
			path = "Shopping list";
			sourceTree = "<group>";
		};
		2CD3A10F253A38C300AB08A4 /* Preview Content */ = {
			isa = PBXGroup;
			children = (
				2CD3A110253A38C300AB08A4 /* Preview Assets.xcassets */,
			);
			path = "Preview Content";
			sourceTree = "<group>";
		};
/* End PBXGroup section */

/* Begin PBXNativeTarget section */
		2CD3A105253A38C000AB08A4 /* Shopping list */ = {
			isa = PBXNativeTarget;
			buildConfigurationList = 2CD3A11A253A38C300AB08A4 /* Build configuration list for PBXNativeTarget "Shopping list" */;
			buildPhases = (
				2CD3A102253A38C000AB08A4 /* Sources */,
				2CD3A103253A38C000AB08A4 /* Frameworks */,
				2CD3A104253A38C000AB08A4 /* Resources */,
			);
			buildRules = (
			);
			dependencies = (
			);
			name = "Shopping list";
			productName = "Shopping list";
			productReference = 2CD3A106253A38C000AB08A4 /* Shopping list.app */;
			productType = "com.apple.product-type.application";
		};
/* End PBXNativeTarget section */

/* Begin PBXProject section */
		2CD3A0FE253A38C000AB08A4 /* Project object */ = {
			isa = PBXProject;
			attributes = {
				LastSwiftUpdateCheck = 1200;
				LastUpgradeCheck = 1200;
				TargetAttributes = {
					2CD3A105253A38C000AB08A4 = {
						CreatedOnToolsVersion = 12.0.1;
					};
				};
			};
			buildConfigurationList = 2CD3A101253A38C000AB08A4 /* Build configuration list for PBXProject "Shopping list" */;
			compatibilityVersion = "Xcode 9.3";
			developmentRegion = en;
			hasScannedForEncodings = 0;
			knownRegions = (
				en,
				Base,
			);
			mainGroup = 2CD3A0FD253A38C000AB08A4;
			productRefGroup = 2CD3A107253A38C000AB08A4 /* Products */;
			projectDirPath = "";
			projectRoot = "";
			targets = (
				2CD3A105253A38C000AB08A4 /* Shopping list */,
			);
		};
/* End PBXProject section */

/* Begin PBXResourcesBuildPhase section */
		2CD3A104253A38C000AB08A4 /* Resources */ = {
			isa = PBXResourcesBuildPhase;
			buildActionMask = 2147483647;
			files = (
				2CD3A111253A38C300AB08A4 /* Preview Assets.xcassets in Resources */,
				2CD3A10E253A38C300AB08A4 /* Assets.xcassets in Resources */,
			);
			runOnlyForDeploymentPostprocessing = 0;
		};
/* End PBXResourcesBuildPhase section */

/* Begin PBXSourcesBuildPhase section */
		2CD3A102253A38C000AB08A4 /* Sources */ = {
			isa = PBXSourcesBuildPhase;
			buildActionMask = 2147483647;
			files = (
				2CD3A113253A38C300AB08A4 /* Persistence.swift in Sources */,
				2CD3A116253A38C300AB08A4 /* Shopping_list.xcdatamodeld in Sources */,
				2CD3A10C253A38C000AB08A4 /* ContentView.swift in Sources */,
				2CD3A10A253A38C000AB08A4 /* Shopping_listApp.swift in Sources */,
			);
			runOnlyForDeploymentPostprocessing = 0;
		};
/* End PBXSourcesBuildPhase section */

/* Begin XCBuildConfiguration section */
		2CD3A118253A38C300AB08A4 /* Debug */ = {
			isa = XCBuildConfiguration;
			buildSettings = {
				ALWAYS_SEARCH_USER_PATHS = NO;
				CLANG_ANALYZER_NONNULL = YES;
				CLANG_ANALYZER_NUMBER_OBJECT_CONVERSION = YES_AGGRESSIVE;
				CLANG_CXX_LANGUAGE_STANDARD = "gnu++14";
				CLANG_CXX_LIBRARY = "libc++";
				CLANG_ENABLE_MODULES = YES;
				CLANG_ENABLE_OBJC_ARC = YES;
				CLANG_ENABLE_OBJC_WEAK = YES;
				CLANG_WARN_BLOCK_CAPTURE_AUTORELEASING = YES;
				CLANG_WARN_BOOL_CONVERSION = YES;
				CLANG_WARN_COMMA = YES;
				CLANG_WARN_CONSTANT_CONVERSION = YES;
				CLANG_WARN_DEPRECATED_OBJC_IMPLEMENTATIONS = YES;
				CLANG_WARN_DIRECT_OBJC_ISA_USAGE = YES_ERROR;
				CLANG_WARN_DOCUMENTATION_COMMENTS = YES;
				CLANG_WARN_EMPTY_BODY = YES;
				CLANG_WARN_ENUM_CONVERSION = YES;
				CLANG_WARN_INFINITE_RECURSION = YES;
				CLANG_WARN_INT_CONVERSION = YES;
				CLANG_WARN_NON_LITERAL_NULL_CONVERSION = YES;
				CLANG_WARN_OBJC_IMPLICIT_RETAIN_SELF = YES;
				CLANG_WARN_OBJC_LITERAL_CONVERSION = YES;
				CLANG_WARN_OBJC_ROOT_CLASS = YES_ERROR;
				CLANG_WARN_QUOTED_INCLUDE_IN_FRAMEWORK_HEADER = YES;
				CLANG_WARN_RANGE_LOOP_ANALYSIS = YES;
				CLANG_WARN_STRICT_PROTOTYPES = YES;
				CLANG_WARN_SUSPICIOUS_MOVE = YES;
				CLANG_WARN_UNGUARDED_AVAILABILITY = YES_AGGRESSIVE;
				CLANG_WARN_UNREACHABLE_CODE = YES;
				CLANG_WARN__DUPLICATE_METHOD_MATCH = YES;
				COPY_PHASE_STRIP = NO;
				DEBUG_INFORMATION_FORMAT = dwarf;
				ENABLE_STRICT_OBJC_MSGSEND = YES;
				ENABLE_TESTABILITY = YES;
				GCC_C_LANGUAGE_STANDARD = gnu11;
				GCC_DYNAMIC_NO_PIC = NO;
				GCC_NO_COMMON_BLOCKS = YES;
				GCC_OPTIMIZATION_LEVEL = 0;
				GCC_PREPROCESSOR_DEFINITIONS = (
					"DEBUG=1",
					"$(inherited)",
				);
				GCC_WARN_64_TO_32_BIT_CONVERSION = YES;
				GCC_WARN_ABOUT_RETURN_TYPE = YES_ERROR;
				GCC_WARN_UNDECLARED_SELECTOR = YES;
				GCC_WARN_UNINITIALIZED_AUTOS = YES_AGGRESSIVE;
				GCC_WARN_UNUSED_FUNCTION = YES;
				GCC_WARN_UNUSED_VARIABLE = YES;
				IPHONEOS_DEPLOYMENT_TARGET = 14.0;
				MTL_ENABLE_DEBUG_INFO = INCLUDE_SOURCE;
				MTL_FAST_MATH = YES;
				ONLY_ACTIVE_ARCH = YES;
				SDKROOT = iphoneos;
				SWIFT_ACTIVE_COMPILATION_CONDITIONS = DEBUG;
				SWIFT_OPTIMIZATION_LEVEL = "-Onone";
			};
			name = Debug;
		};
		2CD3A119253A38C300AB08A4 /* Release */ = {
			isa = XCBuildConfiguration;
			buildSettings = {
				ALWAYS_SEARCH_USER_PATHS = NO;
				CLANG_ANALYZER_NONNULL = YES;
				CLANG_ANALYZER_NUMBER_OBJECT_CONVERSION = YES_AGGRESSIVE;
				CLANG_CXX_LANGUAGE_STANDARD = "gnu++14";
				CLANG_CXX_LIBRARY = "libc++";
				CLANG_ENABLE_MODULES = YES;
				CLANG_ENABLE_OBJC_ARC = YES;
				CLANG_ENABLE_OBJC_WEAK = YES;
				CLANG_WARN_BLOCK_CAPTURE_AUTORELEASING = YES;
				CLANG_WARN_BOOL_CONVERSION = YES;
				CLANG_WARN_COMMA = YES;
				CLANG_WARN_CONSTANT_CONVERSION = YES;
				CLANG_WARN_DEPRECATED_OBJC_IMPLEMENTATIONS = YES;
				CLANG_WARN_DIRECT_OBJC_ISA_USAGE = YES_ERROR;
				CLANG_WARN_DOCUMENTATION_COMMENTS = YES;
				CLANG_WARN_EMPTY_BODY = YES;
				CLANG_WARN_ENUM_CONVERSION = YES;
				CLANG_WARN_INFINITE_RECURSION = YES;
				CLANG_WARN_INT_CONVERSION = YES;
				CLANG_WARN_NON_LITERAL_NULL_CONVERSION = YES;
				CLANG_WARN_OBJC_IMPLICIT_RETAIN_SELF = YES;
				CLANG_WARN_OBJC_LITERAL_CONVERSION = YES;
				CLANG_WARN_OBJC_ROOT_CLASS = YES_ERROR;
				CLANG_WARN_QUOTED_INCLUDE_IN_FRAMEWORK_HEADER = YES;
				CLANG_WARN_RANGE_LOOP_ANALYSIS = YES;
				CLANG_WARN_STRICT_PROTOTYPES = YES;
				CLANG_WARN_SUSPICIOUS_MOVE = YES;
				CLANG_WARN_UNGUARDED_AVAILABILITY = YES_AGGRESSIVE;
				CLANG_WARN_UNREACHABLE_CODE = YES;
				CLANG_WARN__DUPLICATE_METHOD_MATCH = YES;
				COPY_PHASE_STRIP = NO;
				DEBUG_INFORMATION_FORMAT = "dwarf-with-dsym";
				ENABLE_NS_ASSERTIONS = NO;
				ENABLE_STRICT_OBJC_MSGSEND = YES;
				GCC_C_LANGUAGE_STANDARD = gnu11;
				GCC_NO_COMMON_BLOCKS = YES;
				GCC_WARN_64_TO_32_BIT_CONVERSION = YES;
				GCC_WARN_ABOUT_RETURN_TYPE = YES_ERROR;
				GCC_WARN_UNDECLARED_SELECTOR = YES;
				GCC_WARN_UNINITIALIZED_AUTOS = YES_AGGRESSIVE;
				GCC_WARN_UNUSED_FUNCTION = YES;
				GCC_WARN_UNUSED_VARIABLE = YES;
				IPHONEOS_DEPLOYMENT_TARGET = 14.0;
				MTL_ENABLE_DEBUG_INFO = NO;
				MTL_FAST_MATH = YES;
				SDKROOT = iphoneos;
				SWIFT_COMPILATION_MODE = wholemodule;
				SWIFT_OPTIMIZATION_LEVEL = "-O";
				VALIDATE_PRODUCT = YES;
			};
			name = Release;
		};
		2CD3A11B253A38C300AB08A4 /* Debug */ = {
			isa = XCBuildConfiguration;
			buildSettings = {
				ASSETCATALOG_COMPILER_APPICON_NAME = AppIcon;
				ASSETCATALOG_COMPILER_GLOBAL_ACCENT_COLOR_NAME = AccentColor;
				CODE_SIGN_STYLE = Automatic;
				DEVELOPMENT_ASSET_PATHS = "\"Shopping list/Preview Content\"";
				ENABLE_PREVIEWS = YES;
				INFOPLIST_FILE = "Shopping list/Info.plist";
				IPHONEOS_DEPLOYMENT_TARGET = 14.0;
				LD_RUNPATH_SEARCH_PATHS = (
					"$(inherited)",
					"@executable_path/Frameworks",
				);
				PRODUCT_BUNDLE_IDENTIFIER = "Ivan.Shopping-list";
				PRODUCT_NAME = "$(TARGET_NAME)";
				SWIFT_VERSION = 5.0;
				TARGETED_DEVICE_FAMILY = "1,2";
			};
			name = Debug;
		};
		2CD3A11C253A38C300AB08A4 /* Release */ = {
			isa = XCBuildConfiguration;
			buildSettings = {
				ASSETCATALOG_COMPILER_APPICON_NAME = AppIcon;
				ASSETCATALOG_COMPILER_GLOBAL_ACCENT_COLOR_NAME = AccentColor;
				CODE_SIGN_STYLE = Automatic;
				DEVELOPMENT_ASSET_PATHS = "\"Shopping list/Preview Content\"";
				ENABLE_PREVIEWS = YES;
				INFOPLIST_FILE = "Shopping list/Info.plist";
				IPHONEOS_DEPLOYMENT_TARGET = 14.0;
				LD_RUNPATH_SEARCH_PATHS = (
					"$(inherited)",
					"@executable_path/Frameworks",
				);
				PRODUCT_BUNDLE_IDENTIFIER = "Ivan.Shopping-list";
				PRODUCT_NAME = "$(TARGET_NAME)";
				SWIFT_VERSION = 5.0;
				TARGETED_DEVICE_FAMILY = "1,2";
			};
			name = Release;
		};
/* End XCBuildConfiguration section */

/* Begin XCConfigurationList section */
		2CD3A101253A38C000AB08A4 /* Build configuration list for PBXProject "Shopping list" */ = {
			isa = XCConfigurationList;
			buildConfigurations = (
				2CD3A118253A38C300AB08A4 /* Debug */,
				2CD3A119253A38C300AB08A4 /* Release */,
			);
			defaultConfigurationIsVisible = 0;
			defaultConfigurationName = Release;
		};
		2CD3A11A253A38C300AB08A4 /* Build configuration list for PBXNativeTarget "Shopping list" */ = {
			isa = XCConfigurationList;
			buildConfigurations = (
				2CD3A11B253A38C300AB08A4 /* Debug */,
				2CD3A11C253A38C300AB08A4 /* Release */,
			);
			defaultConfigurationIsVisible = 0;
			defaultConfigurationName = Release;
		};
/* End XCConfigurationList section */

/* Begin XCVersionGroup section */
		2CD3A114253A38C300AB08A4 /* Shopping_list.xcdatamodeld */ = {
			isa = XCVersionGroup;
			children = (
				2CD3A115253A38C300AB08A4 /* Shopping_list.xcdatamodel */,
			);
			currentVersion = 2CD3A115253A38C300AB08A4 /* Shopping_list.xcdatamodel */;
			path = Shopping_list.xcdatamodeld;
			sourceTree = "<group>";
			versionGroupType = wrapper.xcdatamodel;
		};
/* End XCVersionGroup section */
	};
	rootObject = 2CD3A0FE253A38C000AB08A4 /* Project object */;
}
